
Microsoft Visual Studio Solution File, Format Version 12.00
# Visual Studio Version 16
VisualStudioVersion = 16.0.31321.278
MinimumVisualStudioVersion = 10.0.40219.1
Project("{2150E333-8FDC-42A3-9474-1A3956D46DE8}") = "src", "src", "{EF427A0C-7444-4FA9-942F-736B7C1985F3}"
EndProject
Project("{FAE04EC0-301F-11D3-BF4B-00C04F79EFBC}") = "CityInfo.API", "src\CityInfo.API\CityInfo.API.csproj", "{E71F8870-435D-4315-B7DD-6F103DC896C1}"
EndProject
Global
	GlobalSection(SolutionConfigurationPlatforms) = preSolution
		Debug|Any CPU = Debug|Any CPU
		Release|Any CPU = Release|Any CPU
	EndGlobalSection
	GlobalSection(ProjectConfigurationPlatforms) = postSolution
		{E71F8870-435D-4315-B7DD-6F103DC896C1}.Debug|Any CPU.ActiveCfg = Debug|Any CPU
		{E71F8870-435D-4315-B7DD-6F103DC896C1}.Debug|Any CPU.Build.0 = Debug|Any CPU
		{E71F8870-435D-4315-B7DD-6F103DC896C1}.Release|Any CPU.ActiveCfg = Release|Any CPU
		{E71F8870-435D-4315-B7DD-6F103DC896C1}.Release|Any CPU.Build.0 = Release|Any CPU
	EndGlobalSection
	GlobalSection(SolutionProperties) = preSolution
		HideSolutionNode = FALSE
	EndGlobalSection
	GlobalSection(NestedProjects) = preSolution
		{E71F8870-435D-4315-B7DD-6F103DC896C1} = {EF427A0C-7444-4FA9-942F-736B7C1985F3}
	EndGlobalSection
	GlobalSection(ExtensibilityGlobals) = postSolution
		SolutionGuid = {184CA674-E386-460F-80B0-554EFCF16C86}
	EndGlobalSection
EndGlobal
